// !$*UTF8*$!
{
	archiveVersion = 1;
	classes = {
	};
	objectVersion = 77;
	objects = {

/* Begin PBXContainerItemProxy section */
		7A6BAB982FA1639F0066233F /* PBXContainerItemProxy */ = {
			isa = PBXContainerItemProxy;
			containerPortal = 7A6BAB752FA1639D0066233F /* Project object */;
			proxyType = 1;
			remoteGlobalIDString = 7A6BAB7C2FA1639D0066233F;
			remoteInfo = "Ultimate Soul Codex";
		};
		7A6BABA22FA1639F0066233F /* PBXContainerItemProxy */ = {
			isa = PBXContainerItemProxy;
			containerPortal = 7A6BAB752FA1639D0066233F /* Project object */;
			proxyType = 1;
			remoteGlobalIDString = 7A6BAB7C2FA1639D0066233F;
			remoteInfo = "Ultimate Soul Codex";
		};
/* End PBXContainerItemProxy section */

/* Begin PBXFileReference section */
		7A6BAB7D2FA1639D0066233F /* Ultimate Soul Codex.app */ = {isa = PBXFileReference; explicitFileType = wrapper.application; includeInIndex = 0; path = "Ultimate Soul Codex.app"; sourceTree = BUILT_PRODUCTS_DIR; };
		7A6BAB972FA1639F0066233F /* Ultimate Soul CodexTests.xctest */ = {isa = PBXFileReference; explicitFileType = wrapper.cfbundle; includeInIndex = 0; path = "Ultimate Soul CodexTests.xctest"; sourceTree = BUILT_PRODUCTS_DIR; };
		7A6BABA12FA1639F0066233F /* Ultimate Soul CodexUITests.xctest */ = {isa = PBXFileReference; explicitFileType = wrapper.cfbundle; includeInIndex = 0; path = "Ultimate Soul CodexUITests.xctest"; sourceTree = BUILT_PRODUCTS_DIR; };
/* End PBXFileReference section */

/* Begin PBXFileSystemSynchronizedBuildFileExceptionSet section */
		7A6BABA92FA1639F0066233F /* Exceptions for "Ultimate Soul Codex" folder in "Ultimate Soul Codex" target */ = {
			isa = PBXFileSystemSynchronizedBuildFileExceptionSet;
			membershipExceptions = (
				Info.plist,
			);
			target = 7A6BAB7C2FA1639D0066233F /* Ultimate Soul Codex */;
		};
/* End PBXFileSystemSynchronizedBuildFileExceptionSet section */

/* Begin PBXFileSystemSynchronizedRootGroup section */
		7A6BAB7F2FA1639D0066233F /* Ultimate Soul Codex */ = {
			isa = PBXFileSystemSynchronizedRootGroup;
			exceptions = (
				7A6BABA92FA1639F0066233F /* Exceptions for "Ultimate Soul Codex" folder in "Ultimate Soul Codex" target */,
			);
			path = "Ultimate Soul Codex";
			sourceTree = "<group>";
		};
		7A6BAB9A2FA1639F0066233F /* Ultimate Soul CodexTests */ = {
			isa = PBXFileSystemSynchronizedRootGroup;
			path = "Ultimate Soul CodexTests";
			sourceTree = "<group>";
		};
		7A6BABA42FA1639F0066233F /* Ultimate Soul CodexUITests */ = {
			isa = PBXFileSystemSynchronizedRootGroup;
			path = "Ultimate Soul CodexUITests";
			sourceTree = "<group>";
		};
/* End PBXFileSystemSynchronizedRootGroup section */

/* Begin PBXFrameworksBuildPhase section */
		7A6BAB7A2FA1639D0066233F /* Frameworks */ = {
			isa = PBXFrameworksBuildPhase;
			buildActionMask = 2147483647;
			files = (
			);
			runOnlyForDeploymentPostprocessing = 0;
		};
		7A6BAB942FA1639F0066233F /* Frameworks */ = {
			isa = PBXFrameworksBuildPhase;
			buildActionMask = 2147483647;
			files = (
			);
			runOnlyForDeploymentPostprocessing = 0;
		};
		7A6BAB9E2FA1639F0066233F /* Frameworks */ = {
			isa = PBXFrameworksBuildPhase;
			buildActionMask = 2147483647;
			files = (
			);
			runOnlyForDeploymentPostprocessing = 0;
		};
/* End PBXFrameworksBuildPhase section */

/* Begin PBXGroup section */
		7A6BAB742FA1639D0066233F = {
			isa = PBXGroup;
			children = (
				7A6BAB7F2FA1639D0066233F /* Ultimate Soul Codex */,
				7A6BAB9A2FA1639F0066233F /* Ultimate Soul CodexTests */,
				7A6BABA42FA1639F0066233F /* Ultimate Soul CodexUITests */,
				7A6BAB7E2FA1639D0066233F /* Products */,
			);
			sourceTree = "<group>";
		};
		7A6BAB7E2FA1639D0066233F /* Products */ = {
			isa = PBXGroup;
			children = (
				7A6BAB7D2FA1639D0066233F /* Ultimate Soul Codex.app */,
				7A6BAB972FA1639F0066233F /* Ultimate Soul CodexTests.xctest */,
				7A6BABA12FA1639F0066233F /* Ultimate Soul CodexUITests.xctest */,
			);
			name = Products;
			sourceTree = "<group>";
		};
/* End PBXGroup section */

/* Begin PBXNativeTarget section */
		7A6BAB7C2FA1639D0066233F /* Ultimate Soul Codex */ = {
			isa = PBXNativeTarget;
			buildConfigurationList = 7A6BABAA2FA1639F0066233F /* Build configuration list for PBXNativeTarget "Ultimate Soul Codex" */;
			buildPhases = (
				7A6BAB792FA1639D0066233F /* Sources */,
				7A6BAB7A2FA1639D0066233F /* Frameworks */,
				7A6BAB7B2FA1639D0066233F /* Resources */,
			);
			buildRules = (
			);
			dependencies = (
			);
			fileSystemSynchronizedGroups = (
				7A6BAB7F2FA1639D0066233F /* Ultimate Soul Codex */,
			);
			name = "Ultimate Soul Codex";
			packageProductDependencies = (
			);
			productName = "Ultimate Soul Codex";
			productReference = 7A6BAB7D2FA1639D0066233F /* Ultimate Soul Codex.app */;
			productType = "com.apple.product-type.application";
		};
		7A6BAB962FA1639F0066233F /* Ultimate Soul CodexTests */ = {
			isa = PBXNativeTarget;
			buildConfigurationList = 7A6BABAF2FA1639F0066233F /* Build configuration list for PBXNativeTarget "Ultimate Soul CodexTests" */;
			buildPhases = (
				7A6BAB932FA1639F0066233F /* Sources */,
				7A6BAB942FA1639F0066233F /* Frameworks */,
				7A6BAB952FA1639F0066233F /* Resources */,
			);
			buildRules = (
			);
			dependencies = (
				7A6BAB992FA1639F0066233F /* PBXTargetDependency */,
			);
			fileSystemSynchronizedGroups = (
				7A6BAB9A2FA1639F0066233F /* Ultimate Soul CodexTests */,
			);
			name = "Ultimate Soul CodexTests";
			packageProductDependencies = (
			);
			productName = "Ultimate Soul CodexTests";
			productReference = 7A6BAB972FA1639F0066233F /* Ultimate Soul CodexTests.xctest */;
			productType = "com.apple.product-type.bundle.unit-test";
		};
		7A6BABA02FA1639F0066233F /* Ultimate Soul CodexUITests */ = {
			isa = PBXNativeTarget;
			buildConfigurationList = 7A6BABB22FA1639F0066233F /* Build configuration list for PBXNativeTarget "Ultimate Soul CodexUITests" */;
			buildPhases = (
				7A6BAB9D2FA1639F0066233F /* Sources */,
				7A6BAB9E2FA1639F0066233F /* Frameworks */,
				7A6BAB9F2FA1639F0066233F /* Resources */,
			);
			buildRules = (
			);
			dependencies = (
				7A6BABA32FA1639F0066233F /* PBXTargetDependency */,
			);
			fileSystemSynchronizedGroups = (
				7A6BABA42FA1639F0066233F /* Ultimate Soul CodexUITests */,
			);
			name = "Ultimate Soul CodexUITests";
			packageProductDependencies = (
			);
			productName = "Ultimate Soul CodexUITests";
			productReference = 7A6BABA12FA1639F0066233F /* Ultimate Soul CodexUITests.xctest */;
			productType = "com.apple.product-type.bundle.ui-testing";
		};
/* End PBXNativeTarget section */

/* Begin PBXProject section */
		7A6BAB752FA1639D0066233F /* Project object */ = {
			isa = PBXProject;
			attributes = {
				BuildIndependentTargetsInParallel = 1;
				LastSwiftUpdateCheck = 2640;
				LastUpgradeCheck = 2640;
				TargetAttributes = {
					7A6BAB7C2FA1639D0066233F = {
						CreatedOnToolsVersion = 26.4.1;
					};
					7A6BAB962FA1639F0066233F = {
						CreatedOnToolsVersion = 26.4.1;
						TestTargetID = 7A6BAB7C2FA1639D0066233F;
					};
					7A6BABA02FA1639F0066233F = {
						CreatedOnToolsVersion = 26.4.1;
						TestTargetID = 7A6BAB7C2FA1639D0066233F;
					};
				};
			};
			buildConfigurationList = 7A6BAB782FA1639D0066233F /* Build configuration list for PBXProject "Ultimate Soul Codex" */;
			developmentRegion = en;
			hasScannedForEncodings = 0;
			knownRegions = (
				en,
				Base,
			);
			mainGroup = 7A6BAB742FA1639D0066233F;
			minimizedProjectReferenceProxies = 1;
			preferredProjectObjectVersion = 77;
			productRefGroup = 7A6BAB7E2FA1639D0066233F /* Products */;
			projectDirPath = "";
			projectRoot = "";
			targets = (
				7A6BAB7C2FA1639D0066233F /* Ultimate Soul Codex */,
				7A6BAB962FA1639F0066233F /* Ultimate Soul CodexTests */,
				7A6BABA02FA1639F0066233F /* Ultimate Soul CodexUITests */,
			);
		};
/* End PBXProject section */

/* Begin PBXResourcesBuildPhase section */
		7A6BAB7B2FA1639D0066233F /* Resources */ = {
			isa = PBXResourcesBuildPhase;
			buildActionMask = 2147483647;
			files = (
			);
			runOnlyForDeploymentPostprocessing = 0;
		};
		7A6BAB952FA1639F0066233F /* Resources */ = {
			isa = PBXResourcesBuildPhase;
			buildActionMask = 2147483647;
			files = (
			);
			runOnlyForDeploymentPostprocessing = 0;
		};
		7A6BAB9F2FA1639F0066233F /* Resources */ = {
			isa = PBXResourcesBuildPhase;
			buildActionMask = 2147483647;
			files = (
			);
			runOnlyForDeploymentPostprocessing = 0;
		};
/* End PBXResourcesBuildPhase section */

/* Begin PBXSourcesBuildPhase section */
		7A6BAB792FA1639D0066233F /* Sources */ = {
			isa = PBXSourcesBuildPhase;
			buildActionMask = 2147483647;
			files = (
			);
			runOnlyForDeploymentPostprocessing = 0;
		};
		7A6BAB932FA1639F0066233F /* Sources */ = {
			isa = PBXSourcesBuildPhase;
			buildActionMask = 2147483647;
			files = (
			);
			runOnlyForDeploymentPostprocessing = 0;
		};
		7A6BAB9D2FA1639F0066233F /* Sources */ = {
			isa = PBXSourcesBuildPhase;
			buildActionMask = 2147483647;
			files = (
			);
			runOnlyForDeploymentPostprocessing = 0;
		};
/* End PBXSourcesBuildPhase section */

/* Begin PBXTargetDependency section */
		7A6BAB992FA1639F0066233F /* PBXTargetDependency */ = {
			isa = PBXTargetDependency;
			target = 7A6BAB7C2FA1639D0066233F /* Ultimate Soul Codex */;
			targetProxy = 7A6BAB982FA1639F0066233F /* PBXContainerItemProxy */;
		};
		7A6BABA32FA1639F0066233F /* PBXTargetDependency */ = {
			isa = PBXTargetDependency;
			target = 7A6BAB7C2FA1639D0066233F /* Ultimate Soul Codex */;
			targetProxy = 7A6BABA22FA1639F0066233F /* PBXContainerItemProxy */;
		};
/* End PBXTargetDependency section */

/* Begin XCBuildConfiguration section */
		7A6BABAB2FA1639F0066233F /* Debug */ = {
			isa = XCBuildConfiguration;
			buildSettings = {
				ASSETCATALOG_COMPILER_APPICON_NAME = AppIcon;
				ASSETCATALOG_COMPILER_GLOBAL_ACCENT_COLOR_NAME = AccentColor;
				CODE_SIGN_ENTITLEMENTS = "Ultimate Soul Codex/Ultimate_Soul_Codex.entitlements";
				CODE_SIGN_STYLE = Automatic;
				CURRENT_PROJECT_VERSION = 1;
				DEVELOPMENT_TEAM = 86NUJ8M3B8;
				GENERATE_INFOPLIST_FILE = YES;
				INFOPLIST_FILE = "Ultimate Soul Codex/Info.plist";
				INFOPLIST_KEY_UIApplicationSupportsIndirectInputEvents = YES;
				INFOPLIST_KEY_UILaunchStoryboardName = LaunchScreen;
				INFOPLIST_KEY_UIMainStoryboardFile = Main;
				INFOPLIST_KEY_UISupportedInterfaceOrientations_iPad = "UIInterfaceOrientationPortrait UIInterfaceOrientationPortraitUpsideDown UIInterfaceOrientationLandscapeLeft UIInterfaceOrientationLandscapeRight";
				INFOPLIST_KEY_UISupportedInterfaceOrientations_iPhone = "UIInterfaceOrientationPortrait UIInterfaceOrientationLandscapeLeft UIInterfaceOrientationLandscapeRight";
				LD_RUNPATH_SEARCH_PATHS = (
					"$(inherited)",
					"@executable_path/Frameworks",
				);
				MARKETING_VERSION = 1.0;
				PRODUCT_BUNDLE_IDENTIFIER = "Bobbys.Ultimate-Soul-Codex";
				PRODUCT_NAME = "$(TARGET_NAME)";
				STRING_CATALOG_GENERATE_SYMBOLS = YES;
				SWIFT_APPROACHABLE_CONCURRENCY = YES;
				SWIFT_DEFAULT_ACTOR_ISOLATION = MainActor;
				SWIFT_EMIT_LOC_STRINGS = YES;
				SWIFT_UPCOMING_FEATURE_MEMBER_IMPORT_VISIBILITY = YES;
				SWIFT_VERSION = 5.0;
				TARGETED_DEVICE_FAMILY = "1,2";
			};
			name = Debug;
		};
		7A6BABAC2FA1639F0066233F /* Release */ = {
			isa = XCBuildConfiguration;
			buildSettings = {
				ASSETCATALOG_COMPILER_APPICON_NAME = AppIcon;
				ASSETCATALOG_COMPILER_GLOBAL_ACCENT_COLOR_NAME = AccentColor;
				CODE_SIGN_ENTITLEMENTS = "Ultimate Soul Codex/Ultimate_Soul_Codex.entitlements";
				CODE_SIGN_STYLE = Automatic;
				CURRENT_PROJECT_VERSION = 1;
				DEVELOPMENT_TEAM = 86NUJ8M3B8;
				GENERATE_INFOPLIST_FILE = YES;
				INFOPLIST_FILE = "Ultimate Soul Codex/Info.plist";
				INFOPLIST_KEY_UIApplicationSupportsIndirectInputEvents = YES;
				INFOPLIST_KEY_UILaunchStoryboardName = LaunchScreen;
				INFOPLIST_KEY_UIMainStoryboardFile = Main;
				INFOPLIST_KEY_UISupportedInterfaceOrientations_iPad = "UIInterfaceOrientationPortrait UIInterfaceOrientationPortraitUpsideDown UIInterfaceOrientationLandscapeLeft UIInterfaceOrientationLandscapeRight";
				INFOPLIST_KEY_UISupportedInterfaceOrientations_iPhone = "UIInterfaceOrientationPortrait UIInterfaceOrientationLandscapeLeft UIInterfaceOrientationLandscapeRight";
				LD_RUNPATH_SEARCH_PATHS = (
					"$(inherited)",
					"@executable_path/Frameworks",
				);
				MARKETING_VERSION = 1.0;
				PRODUCT_BUNDLE_IDENTIFIER = "Bobbys.Ultimate-Soul-Codex";
				PRODUCT_NAME = "$(TARGET_NAME)";
				STRING_CATALOG_GENERATE_SYMBOLS = YES;
				SWIFT_APPROACHABLE_CONCURRENCY = YES;
				SWIFT_DEFAULT_ACTOR_ISOLATION = MainActor;
				SWIFT_EMIT_LOC_STRINGS = YES;
				SWIFT_UPCOMING_FEATURE_MEMBER_IMPORT_VISIBILITY = YES;
				SWIFT_VERSION = 5.0;
				TARGETED_DEVICE_FAMILY = "1,2";
			};
			name = Release;
		};
		7A6BABAD2FA1639F0066233F /* Debug */ = {
			isa = XCBuildConfiguration;
			buildSettings = {
				ALWAYS_SEARCH_USER_PATHS = NO;
				ASSETCATALOG_COMPILER_GENERATE_SWIFT_ASSET_SYMBOL_EXTENSIONS = YES;
				CLANG_ANALYZER_NONNULL = YES;
				CLANG_ANALYZER_NUMBER_OBJECT_CONVERSION = YES_AGGRESSIVE;
				CLANG_CXX_LANGUAGE_STANDARD = "gnu++20";
				CLANG_ENABLE_MODULES = YES;
				CLANG_ENABLE_OBJC_ARC = YES;
				CLANG_ENABLE_OBJC_WEAK = YES;
				CLANG_WARN_BLOCK_CAPTURE_AUTORELEASING = YES;
				CLANG_WARN_BOOL_CONVERSION = YES;
				CLANG_WARN_COMMA = YES;
				CLANG_WARN_CONSTANT_CONVERSION = YES;
				CLANG_WARN_DEPRECATED_OBJC_IMPLEMENTATIONS = YES;
				CLANG_WARN_DIRECT_OBJC_ISA_USAGE = YES_ERROR;
				CLANG_WARN_DOCUMENTATION_COMMENTS = YES;
				CLANG_WARN_EMPTY_BODY = YES;
				CLANG_WARN_ENUM_CONVERSION = YES;
				CLANG_WARN_INFINITE_RECURSION = YES;
				CLANG_WARN_INT_CONVERSION = YES;
				CLANG_WARN_NON_LITERAL_NULL_CONVERSION = YES;
				CLANG_WARN_OBJC_IMPLICIT_RETAIN_SELF = YES;
				CLANG_WARN_OBJC_LITERAL_CONVERSION = YES;
				CLANG_WARN_OBJC_ROOT_CLASS = YES_ERROR;
				CLANG_WARN_QUOTED_INCLUDE_IN_FRAMEWORK_HEADER = YES;
				CLANG_WARN_RANGE_LOOP_ANALYSIS = YES;
				CLANG_WARN_STRICT_PROTOTYPES = YES;
				CLANG_WARN_SUSPICIOUS_MOVE = YES;
				CLANG_WARN_UNGUARDED_AVAILABILITY = YES_AGGRESSIVE;
				CLANG_WARN_UNREACHABLE_CODE = YES;
				CLANG_WARN__DUPLICATE_METHOD_MATCH = YES;
				COPY_PHASE_STRIP = NO;
				DEBUG_INFORMATION_FORMAT = dwarf;
				DEVELOPMENT_TEAM = 86NUJ8M3B8;
				ENABLE_STRICT_OBJC_MSGSEND = YES;
				ENABLE_TESTABILITY = YES;
				ENABLE_USER_SCRIPT_SANDBOXING = YES;
				GCC_C_LANGUAGE_STANDARD = gnu17;
				GCC_DYNAMIC_NO_PIC = NO;
				GCC_NO_COMMON_BLOCKS = YES;
				GCC_OPTIMIZATION_LEVEL = 0;
				GCC_PREPROCESSOR_DEFINITIONS = (
					"DEBUG=1",
					"$(inherited)",
				);
				GCC_WARN_64_TO_32_BIT_CONVERSION = YES;
				GCC_WARN_ABOUT_RETURN_TYPE = YES_ERROR;
				GCC_WARN_UNDECLARED_SELECTOR = YES;
				GCC_WARN_UNINITIALIZED_AUTOS = YES_AGGRESSIVE;
				GCC_WARN_UNUSED_FUNCTION = YES;
				GCC_WARN_UNUSED_VARIABLE = YES;
				IPHONEOS_DEPLOYMENT_TARGET = 26.4;
				LOCALIZATION_PREFERS_STRING_CATALOGS = YES;
				MTL_ENABLE_DEBUG_INFO = INCLUDE_SOURCE;
				MTL_FAST_MATH = YES;
				ONLY_ACTIVE_ARCH = YES;
				SDKROOT = iphoneos;
				SWIFT_ACTIVE_COMPILATION_CONDITIONS = "DEBUG $(inherited)";
				SWIFT_OPTIMIZATION_LEVEL = "-Onone";
			};
			name = Debug;
		};
		7A6BABAE2FA1639F0066233F /* Release */ = {
			isa = XCBuildConfiguration;
			buildSettings = {
				ALWAYS_SEARCH_USER_PATHS = NO;
				ASSETCATALOG_COMPILER_GENERATE_SWIFT_ASSET_SYMBOL_EXTENSIONS = YES;
				CLANG_ANALYZER_NONNULL = YES;
				CLANG_ANALYZER_NUMBER_OBJECT_CONVERSION = YES_AGGRESSIVE;
				CLANG_CXX_LANGUAGE_STANDARD = "gnu++20";
				CLANG_ENABLE_MODULES = YES;
				CLANG_ENABLE_OBJC_ARC = YES;
				CLANG_ENABLE_OBJC_WEAK = YES;
				CLANG_WARN_BLOCK_CAPTURE_AUTORELEASING = YES;
				CLANG_WARN_BOOL_CONVERSION = YES;
				CLANG_WARN_COMMA = YES;
				CLANG_WARN_CONSTANT_CONVERSION = YES;
				CLANG_WARN_DEPRECATED_OBJC_IMPLEMENTATIONS = YES;
				CLANG_WARN_DIRECT_OBJC_ISA_USAGE = YES_ERROR;
				CLANG_WARN_DOCUMENTATION_COMMENTS = YES;
				CLANG_WARN_EMPTY_BODY = YES;
				CLANG_WARN_ENUM_CONVERSION = YES;
				CLANG_WARN_INFINITE_RECURSION = YES;
				CLANG_WARN_INT_CONVERSION = YES;
				CLANG_WARN_NON_LITERAL_NULL_CONVERSION = YES;
				CLANG_WARN_OBJC_IMPLICIT_RETAIN_SELF = YES;
				CLANG_WARN_OBJC_LITERAL_CONVERSION = YES;
				CLANG_WARN_OBJC_ROOT_CLASS = YES_ERROR;
				CLANG_WARN_QUOTED_INCLUDE_IN_FRAMEWORK_HEADER = YES;
				CLANG_WARN_RANGE_LOOP_ANALYSIS = YES;
				CLANG_WARN_STRICT_PROTOTYPES = YES;
				CLANG_WARN_SUSPICIOUS_MOVE = YES;
				CLANG_WARN_UNGUARDED_AVAILABILITY = YES_AGGRESSIVE;
				CLANG_WARN_UNREACHABLE_CODE = YES;
				CLANG_WARN__DUPLICATE_METHOD_MATCH = YES;
				COPY_PHASE_STRIP = NO;
				DEBUG_INFORMATION_FORMAT = "dwarf-with-dsym";
				DEVELOPMENT_TEAM = 86NUJ8M3B8;
				ENABLE_NS_ASSERTIONS = NO;
				ENABLE_STRICT_OBJC_MSGSEND = YES;
				ENABLE_USER_SCRIPT_SANDBOXING = YES;
				GCC_C_LANGUAGE_STANDARD = gnu17;
				GCC_NO_COMMON_BLOCKS = YES;
				GCC_WARN_64_TO_32_BIT_CONVERSION = YES;
				GCC_WARN_ABOUT_RETURN_TYPE = YES_ERROR;
				GCC_WARN_UNDECLARED_SELECTOR = YES;
				GCC_WARN_UNINITIALIZED_AUTOS = YES_AGGRESSIVE;
				GCC_WARN_UNUSED_FUNCTION = YES;
				GCC_WARN_UNUSED_VARIABLE = YES;
				IPHONEOS_DEPLOYMENT_TARGET = 26.4;
				LOCALIZATION_PREFERS_STRING_CATALOGS = YES;
				MTL_ENABLE_DEBUG_INFO = NO;
				MTL_FAST_MATH = YES;
				SDKROOT = iphoneos;
				SWIFT_COMPILATION_MODE = wholemodule;
				VALIDATE_PRODUCT = YES;
			};
			name = Release;
		};
		7A6BABB02FA1639F0066233F /* Debug */ = {
			isa = XCBuildConfiguration;
			buildSettings = {
				BUNDLE_LOADER = "$(TEST_HOST)";
				CODE_SIGN_STYLE = Automatic;
				CURRENT_PROJECT_VERSION = 1;
				DEVELOPMENT_TEAM = 86NUJ8M3B8;
				GENERATE_INFOPLIST_FILE = YES;
				IPHONEOS_DEPLOYMENT_TARGET = 26.4;
				MARKETING_VERSION = 1.0;
				PRODUCT_BUNDLE_IDENTIFIER = "Bobbys.Ultimate-Soul-CodexTests";
				PRODUCT_NAME = "$(TARGET_NAME)";
				STRING_CATALOG_GENERATE_SYMBOLS = NO;
				SWIFT_APPROACHABLE_CONCURRENCY = YES;
				SWIFT_EMIT_LOC_STRINGS = NO;
				SWIFT_UPCOMING_FEATURE_MEMBER_IMPORT_VISIBILITY = YES;
				SWIFT_VERSION = 5.0;
				TARGETED_DEVICE_FAMILY = "1,2";
				TEST_HOST = "$(BUILT_PRODUCTS_DIR)/Ultimate Soul Codex.app/$(BUNDLE_EXECUTABLE_FOLDER_PATH)/Ultimate Soul Codex";
			};
			name = Debug;
		};
		7A6BABB12FA1639F0066233F /* Release */ = {
			isa = XCBuildConfiguration;
			buildSettings = {
				BUNDLE_LOADER = "$(TEST_HOST)";
				CODE_SIGN_STYLE = Automatic;
				CURRENT_PROJECT_VERSION = 1;
				DEVELOPMENT_TEAM = 86NUJ8M3B8;
				GENERATE_INFOPLIST_FILE = YES;
				IPHONEOS_DEPLOYMENT_TARGET = 26.4;
				MARKETING_VERSION = 1.0;
				PRODUCT_BUNDLE_IDENTIFIER = "Bobbys.Ultimate-Soul-CodexTests";
				PRODUCT_NAME = "$(TARGET_NAME)";
				STRING_CATALOG_GENERATE_SYMBOLS = NO;
				SWIFT_APPROACHABLE_CONCURRENCY = YES;
				SWIFT_EMIT_LOC_STRINGS = NO;
				SWIFT_UPCOMING_FEATURE_MEMBER_IMPORT_VISIBILITY = YES;
				SWIFT_VERSION = 5.0;
				TARGETED_DEVICE_FAMILY = "1,2";
				TEST_HOST = "$(BUILT_PRODUCTS_DIR)/Ultimate Soul Codex.app/$(BUNDLE_EXECUTABLE_FOLDER_PATH)/Ultimate Soul Codex";
			};
			name = Release;
		};
		7A6BABB32FA1639F0066233F /* Debug */ = {
			isa = XCBuildConfiguration;
			buildSettings = {
				CODE_SIGN_STYLE = Automatic;
				CURRENT_PROJECT_VERSION = 1;
				DEVELOPMENT_TEAM = 86NUJ8M3B8;
				GENERATE_INFOPLIST_FILE = YES;
				MARKETING_VERSION = 1.0;
				PRODUCT_BUNDLE_IDENTIFIER = "Bobbys.Ultimate-Soul-CodexUITests";
				PRODUCT_NAME = "$(TARGET_NAME)";
				STRING_CATALOG_GENERATE_SYMBOLS = NO;
				SWIFT_APPROACHABLE_CONCURRENCY = YES;
				SWIFT_EMIT_LOC_STRINGS = NO;
				SWIFT_UPCOMING_FEATURE_MEMBER_IMPORT_VISIBILITY = YES;
				SWIFT_VERSION = 5.0;
				TARGETED_DEVICE_FAMILY = "1,2";
				TEST_TARGET_NAME = "Ultimate Soul Codex";
			};
			name = Debug;
		};
		7A6BABB42FA1639F0066233F /* Release */ = {
			isa = XCBuildConfiguration;
			buildSettings = {
				CODE_SIGN_STYLE = Automatic;
				CURRENT_PROJECT_VERSION = 1;
				DEVELOPMENT_TEAM = 86NUJ8M3B8;
				GENERATE_INFOPLIST_FILE = YES;
				MARKETING_VERSION = 1.0;
				PRODUCT_BUNDLE_IDENTIFIER = "Bobbys.Ultimate-Soul-CodexUITests";
				PRODUCT_NAME = "$(TARGET_NAME)";
				STRING_CATALOG_GENERATE_SYMBOLS = NO;
				SWIFT_APPROACHABLE_CONCURRENCY = YES;
				SWIFT_EMIT_LOC_STRINGS = NO;
				SWIFT_UPCOMING_FEATURE_MEMBER_IMPORT_VISIBILITY = YES;
				SWIFT_VERSION = 5.0;
				TARGETED_DEVICE_FAMILY = "1,2";
				TEST_TARGET_NAME = "Ultimate Soul Codex";
			};
			name = Release;
		};
/* End XCBuildConfiguration section */

/* Begin XCConfigurationList section */
		7A6BAB782FA1639D0066233F /* Build configuration list for PBXProject "Ultimate Soul Codex" */ = {
			isa = XCConfigurationList;
			buildConfigurations = (
				7A6BABAD2FA1639F0066233F /* Debug */,
				7A6BABAE2FA1639F0066233F /* Release */,
			);
			defaultConfigurationIsVisible = 0;
			defaultConfigurationName = Release;
		};
		7A6BABAA2FA1639F0066233F /* Build configuration list for PBXNativeTarget "Ultimate Soul Codex" */ = {
			isa = XCConfigurationList;
			buildConfigurations = (
				7A6BABAB2FA1639F0066233F /* Debug */,
				7A6BABAC2FA1639F0066233F /* Release */,
			);
			defaultConfigurationIsVisible = 0;
			defaultConfigurationName = Release;
		};
		7A6BABAF2FA1639F0066233F /* Build configuration list for PBXNativeTarget "Ultimate Soul CodexTests" */ = {
			isa = XCConfigurationList;
			buildConfigurations = (
				7A6BABB02FA1639F0066233F /* Debug */,
				7A6BABB12FA1639F0066233F /* Release */,
			);
			defaultConfigurationIsVisible = 0;
			defaultConfigurationName = Release;
		};
		7A6BABB22FA1639F0066233F /* Build configuration list for PBXNativeTarget "Ultimate Soul CodexUITests" */ = {
			isa = XCConfigurationList;
			buildConfigurations = (
				7A6BABB32FA1639F0066233F /* Debug */,
				7A6BABB42FA1639F0066233F /* Release */,
			);
			defaultConfigurationIsVisible = 0;
			defaultConfigurationName = Release;
		};
/* End XCConfigurationList section */
	};
	rootObject = 7A6BAB752FA1639D0066233F /* Project object */;
}
